
Microsoft Visual Studio Solution File, Format Version 12.00
# Visual Studio 2012
Project("{E24C65DC-7377-472B-9ABA-BC803B73C61A}") = "CodeMirror-CodeEditor", "..\CodeMirror-CodeEditor", "{1E6E09AD-08A7-47AB-84B9-9662C1734849}"
	ProjectSection(WebsiteProperties) = preProject
		TargetFrameworkMoniker = ".NETFramework,Version%3Dv3.5"
		Debug.AspNetCompiler.VirtualPath = "/CodeMirror-CodeEditor"
		Debug.AspNetCompiler.PhysicalPath = "..\CodeMirror-CodeEditor\"
		Debug.AspNetCompiler.TargetPath = "PrecompiledWeb\CodeMirror-CodeEditor\"
		Debug.AspNetCompiler.Updateable = "true"
		Debug.AspNetCompiler.ForceOverwrite = "true"
		Debug.AspNetCompiler.FixedNames = "false"
		Debug.AspNetCompiler.Debug = "True"
		Release.AspNetCompiler.VirtualPath = "/CodeMirror-CodeEditor"
		Release.AspNetCompiler.PhysicalPath = "..\CodeMirror-CodeEditor\"
		Release.AspNetCompiler.TargetPath = "PrecompiledWeb\CodeMirror-CodeEditor\"
		Release.AspNetCompiler.Updateable = "true"
		Release.AspNetCompiler.ForceOverwrite = "true"
		Release.AspNetCompiler.FixedNames = "false"
		Release.AspNetCompiler.Debug = "False"
		VWDPort = "1841"
	EndProjectSection
EndProject
Global
	GlobalSection(SolutionConfigurationPlatforms) = preSolution
		Debug|Any CPU = Debug|Any CPU
	EndGlobalSection
	GlobalSection(ProjectConfigurationPlatforms) = postSolution
		{1E6E09AD-08A7-47AB-84B9-9662C1734849}.Debug|Any CPU.ActiveCfg = Debug|Any CPU
		{1E6E09AD-08A7-47AB-84B9-9662C1734849}.Debug|Any CPU.Build.0 = Debug|Any CPU
	EndGlobalSection
	GlobalSection(SolutionProperties) = preSolution
		HideSolutionNode = FALSE
	EndGlobalSection
EndGlobal
